
Microsoft Visual Studio Solution File, Format Version 12.00
# Visual Studio Version 16
VisualStudioVersion = 16.0.32630.194
MinimumVisualStudioVersion = 10.0.40219.1
Project("{FAE04EC0-301F-11D3-BF4B-00C04F79EFBC}") = "BigDataExcel", "BigDataExcel.csproj", "{AB15DEC9-E145-428F-8B86-87C62BC40514}"
EndProject
Global
	GlobalSection(SolutionConfigurationPlatforms) = preSolution
		Debug|Any CPU = Debug|Any CPU
		Release|Any CPU = Release|Any CPU
	EndGlobalSection
	GlobalSection(ProjectConfigurationPlatforms) = postSolution
		{AB15DEC9-E145-428F-8B86-87C62BC40514}.Debug|Any CPU.ActiveCfg = Debug|Any CPU
		{AB15DEC9-E145-428F-8B86-87C62BC40514}.Debug|Any CPU.Build.0 = Debug|Any CPU
		{AB15DEC9-E145-428F-8B86-87C62BC40514}.Release|Any CPU.ActiveCfg = Release|Any CPU
		{AB15DEC9-E145-428F-8B86-87C62BC40514}.Release|Any CPU.Build.0 = Release|Any CPU
	EndGlobalSection
	GlobalSection(SolutionProperties) = preSolution
		HideSolutionNode = FALSE
	EndGlobalSection
	GlobalSection(ExtensibilityGlobals) = postSolution
		SolutionGuid = {4F9A9805-7A73-49C8-A203-5185714BB23F}
	EndGlobalSection
EndGlobal
